
Microsoft Visual Studio Solution File, Format Version 12.00
# Visual Studio Version 17
VisualStudioVersion = 17.5.33516.290
MinimumVisualStudioVersion = 10.0.40219.1
Project("{9A19103F-16F7-4668-BE54-9A1E7A4F7556}") = "MicrosoftStoreBadge", "MicrosoftStoreBadge\MicrosoftStoreBadge.csproj", "{0D8BA0B7-F8C4-4578-A2A4-5232EFC57D51}"
EndProject
Project("{2150E333-8FDC-42A3-9474-1A3956D46DE8}") = "Dependencies", "Dependencies", "{4B92FDF4-6D7F-41ED-A32F-41B8CABFEE0C}"
EndProject
Project("{9A19103F-16F7-4668-BE54-9A1E7A4F7556}") = "StoreLib", "Dependencies\StoreLib\StoreLib\StoreLib.csproj", "{139B4281-94DD-4D55-8D41-0EAF60384D58}"
EndProject
Global
	GlobalSection(SolutionConfigurationPlatforms) = preSolution
		Debug|Any CPU = Debug|Any CPU
		Release|Any CPU = Release|Any CPU
	EndGlobalSection
	GlobalSection(ProjectConfigurationPlatforms) = postSolution
		{0D8BA0B7-F8C4-4578-A2A4-5232EFC57D51}.Debug|Any CPU.ActiveCfg = Debug|Any CPU
		{0D8BA0B7-F8C4-4578-A2A4-5232EFC57D51}.Debug|Any CPU.Build.0 = Debug|Any CPU
		{0D8BA0B7-F8C4-4578-A2A4-5232EFC57D51}.Release|Any CPU.ActiveCfg = Release|Any CPU
		{0D8BA0B7-F8C4-4578-A2A4-5232EFC57D51}.Release|Any CPU.Build.0 = Release|Any CPU
		{139B4281-94DD-4D55-8D41-0EAF60384D58}.Debug|Any CPU.ActiveCfg = Debug|Any CPU
		{139B4281-94DD-4D55-8D41-0EAF60384D58}.Debug|Any CPU.Build.0 = Debug|Any CPU
		{139B4281-94DD-4D55-8D41-0EAF60384D58}.Release|Any CPU.ActiveCfg = Release|Any CPU
		{139B4281-94DD-4D55-8D41-0EAF60384D58}.Release|Any CPU.Build.0 = Release|Any CPU
	EndGlobalSection
	GlobalSection(SolutionProperties) = preSolution
		HideSolutionNode = FALSE
	EndGlobalSection
	GlobalSection(NestedProjects) = preSolution
		{139B4281-94DD-4D55-8D41-0EAF60384D58} = {4B92FDF4-6D7F-41ED-A32F-41B8CABFEE0C}
	EndGlobalSection
	GlobalSection(ExtensibilityGlobals) = postSolution
		SolutionGuid = {6D30886A-BB9B-404D-BB56-38A8C8ED3EFD}
	EndGlobalSection
EndGlobal
